
Microsoft Visual Studio Solution File, Format Version 12.00
# Visual Studio Version 16
VisualStudioVersion = 16.0.30523.141
MinimumVisualStudioVersion = 10.0.40219.1
Project("{FAE04EC0-301F-11D3-BF4B-00C04F79EFBC}") = "MyCompany", "MyCompany\MyCompany.csproj", "{5A7F37F9-4979-48AD-8C2D-539573EBF00F}"
EndProject
Global
	GlobalSection(SolutionConfigurationPlatforms) = preSolution
		Debug|Any CPU = Debug|Any CPU
		Release|Any CPU = Release|Any CPU
	EndGlobalSection
	GlobalSection(ProjectConfigurationPlatforms) = postSolution
		{5A7F37F9-4979-48AD-8C2D-539573EBF00F}.Debug|Any CPU.ActiveCfg = Debug|Any CPU
		{5A7F37F9-4979-48AD-8C2D-539573EBF00F}.Debug|Any CPU.Build.0 = Debug|Any CPU
		{5A7F37F9-4979-48AD-8C2D-539573EBF00F}.Release|Any CPU.ActiveCfg = Release|Any CPU
		{5A7F37F9-4979-48AD-8C2D-539573EBF00F}.Release|Any CPU.Build.0 = Release|Any CPU
	EndGlobalSection
	GlobalSection(SolutionProperties) = preSolution
		HideSolutionNode = FALSE
	EndGlobalSection
	GlobalSection(ExtensibilityGlobals) = postSolution
		SolutionGuid = {19974B29-9DFA-4761-B2EB-525EDBC91B97}
	EndGlobalSection
EndGlobal
